
Microsoft Visual Studio Solution File, Format Version 12.00
# Visual Studio 15
VisualStudioVersion = 15.0.33026.149
MinimumVisualStudioVersion = 10.0.40219.1
Project("{FAE04EC0-301F-11D3-BF4B-00C04F79EFBC}") = "MyWebAPI", "MyWebAPI\MyWebAPI.csproj", "{40BDEF7C-D1B4-4600-8907-6F16D88D6068}"
EndProject
Global
	GlobalSection(SolutionConfigurationPlatforms) = preSolution
		Debug|Any CPU = Debug|Any CPU
		Release|Any CPU = Release|Any CPU
	EndGlobalSection
	GlobalSection(ProjectConfigurationPlatforms) = postSolution
		{40BDEF7C-D1B4-4600-8907-6F16D88D6068}.Debug|Any CPU.ActiveCfg = Debug|Any CPU
		{40BDEF7C-D1B4-4600-8907-6F16D88D6068}.Debug|Any CPU.Build.0 = Debug|Any CPU
		{40BDEF7C-D1B4-4600-8907-6F16D88D6068}.Release|Any CPU.ActiveCfg = Release|Any CPU
		{40BDEF7C-D1B4-4600-8907-6F16D88D6068}.Release|Any CPU.Build.0 = Release|Any CPU
	EndGlobalSection
	GlobalSection(SolutionProperties) = preSolution
		HideSolutionNode = FALSE
	EndGlobalSection
	GlobalSection(ExtensibilityGlobals) = postSolution
		SolutionGuid = {E2CEBA6D-4085-465D-A486-2D42D8557556}
	EndGlobalSection
EndGlobal
